
Microsoft Visual Studio Solution File, Format Version 12.00
# Visual Studio Version 16
VisualStudioVersion = 16.0.29306.81
MinimumVisualStudioVersion = 10.0.40219.1
Project("{8BC9CEB8-8B4A-11D0-8D11-00A0C91BC942}") = "АП_РІ-11_Головата_ЛР_04_4", "АП_РІ-11_Головата_ЛР_04_4\АП_РІ-11_Головата_ЛР_04_4.vcxproj", "{A57A4ACC-0CC7-4009-99FC-95A96B6B62CF}"
EndProject
Global
	GlobalSection(SolutionConfigurationPlatforms) = preSolution
		Debug|x64 = Debug|x64
		Debug|x86 = Debug|x86
		Release|x64 = Release|x64
		Release|x86 = Release|x86
	EndGlobalSection
	GlobalSection(ProjectConfigurationPlatforms) = postSolution
		{A57A4ACC-0CC7-4009-99FC-95A96B6B62CF}.Debug|x64.ActiveCfg = Debug|x64
		{A57A4ACC-0CC7-4009-99FC-95A96B6B62CF}.Debug|x64.Build.0 = Debug|x64
		{A57A4ACC-0CC7-4009-99FC-95A96B6B62CF}.Debug|x86.ActiveCfg = Debug|Win32
		{A57A4ACC-0CC7-4009-99FC-95A96B6B62CF}.Debug|x86.Build.0 = Debug|Win32
		{A57A4ACC-0CC7-4009-99FC-95A96B6B62CF}.Release|x64.ActiveCfg = Release|x64
		{A57A4ACC-0CC7-4009-99FC-95A96B6B62CF}.Release|x64.Build.0 = Release|x64
		{A57A4ACC-0CC7-4009-99FC-95A96B6B62CF}.Release|x86.ActiveCfg = Release|Win32
		{A57A4ACC-0CC7-4009-99FC-95A96B6B62CF}.Release|x86.Build.0 = Release|Win32
	EndGlobalSection
	GlobalSection(SolutionProperties) = preSolution
		HideSolutionNode = FALSE
	EndGlobalSection
	GlobalSection(ExtensibilityGlobals) = postSolution
		SolutionGuid = {7CF536ED-9320-4708-B047-A9B91550FDED}
	EndGlobalSection
EndGlobal
